// !$*UTF8*$!
{
	archiveVersion = 1;
	classes = {
	};
	objectVersion = 56;
	objects = {

/* Begin PBXBuildFile section */
		6B942F9C2B7B2A170053A91B /* MuumiApp.swift in Sources */ = {isa = PBXBuildFile; fileRef = 6B942F9B2B7B2A170053A91B /* MuumiApp.swift */; };
		6B942F9E2B7B2A170053A91B /* ContentView.swift in Sources */ = {isa = PBXBuildFile; fileRef = 6B942F9D2B7B2A170053A91B /* ContentView.swift */; };
		6B942FA02B7B2A180053A91B /* Assets.xcassets in Resources */ = {isa = PBXBuildFile; fileRef = 6B942F9F2B7B2A180053A91B /* Assets.xcassets */; };
		6B942FA32B7B2A180053A91B /* Preview Assets.xcassets in Resources */ = {isa = PBXBuildFile; fileRef = 6B942FA22B7B2A180053A91B /* Preview Assets.xcassets */; };
		6B942FAB2B7B2AF60053A91B /* Realm in Frameworks */ = {isa = PBXBuildFile; productRef = 6B942FAA2B7B2AF60053A91B /* Realm */; };
		6B942FAD2B7B2AF60053A91B /* RealmSwift in Frameworks */ = {isa = PBXBuildFile; productRef = 6B942FAC2B7B2AF60053A91B /* RealmSwift */; };
		6B942FB22B7B2F470053A91B /* AddShoppingListScreen.swift in Sources */ = {isa = PBXBuildFile; fileRef = 6B942FB12B7B2F470053A91B /* AddShoppingListScreen.swift */; };
		6B942FB52B7B304C0053A91B /* ShoppingList.swift in Sources */ = {isa = PBXBuildFile; fileRef = 6B942FB42B7B304C0053A91B /* ShoppingList.swift */; };
		6B942FB72B7B337B0053A91B /* ShoppingItem.swift in Sources */ = {isa = PBXBuildFile; fileRef = 6B942FB62B7B337B0053A91B /* ShoppingItem.swift */; };
		6B942FBA2B7B700A0053A91B /* Migrator.swift in Sources */ = {isa = PBXBuildFile; fileRef = 6B942FB92B7B700A0053A91B /* Migrator.swift */; };
		6B942FBC2B7B71BF0053A91B /* ShoppingListItemsScreen.swift in Sources */ = {isa = PBXBuildFile; fileRef = 6B942FBB2B7B71BF0053A91B /* ShoppingListItemsScreen.swift */; };
		6B942FBE2B7B72A60053A91B /* AddShoppingListItemScreen.swift in Sources */ = {isa = PBXBuildFile; fileRef = 6B942FBD2B7B72A60053A91B /* AddShoppingListItemScreen.swift */; };
/* End PBXBuildFile section */

/* Begin PBXFileReference section */
		6B942F982B7B2A170053A91B /* Muumi.app */ = {isa = PBXFileReference; explicitFileType = wrapper.application; includeInIndex = 0; path = Muumi.app; sourceTree = BUILT_PRODUCTS_DIR; };
		6B942F9B2B7B2A170053A91B /* MuumiApp.swift */ = {isa = PBXFileReference; lastKnownFileType = sourcecode.swift; path = MuumiApp.swift; sourceTree = "<group>"; };
		6B942F9D2B7B2A170053A91B /* ContentView.swift */ = {isa = PBXFileReference; lastKnownFileType = sourcecode.swift; path = ContentView.swift; sourceTree = "<group>"; };
		6B942F9F2B7B2A180053A91B /* Assets.xcassets */ = {isa = PBXFileReference; lastKnownFileType = folder.assetcatalog; path = Assets.xcassets; sourceTree = "<group>"; };
		6B942FA22B7B2A180053A91B /* Preview Assets.xcassets */ = {isa = PBXFileReference; lastKnownFileType = folder.assetcatalog; path = "Preview Assets.xcassets"; sourceTree = "<group>"; };
		6B942FB12B7B2F470053A91B /* AddShoppingListScreen.swift */ = {isa = PBXFileReference; lastKnownFileType = sourcecode.swift; path = AddShoppingListScreen.swift; sourceTree = "<group>"; };
		6B942FB42B7B304C0053A91B /* ShoppingList.swift */ = {isa = PBXFileReference; lastKnownFileType = sourcecode.swift; path = ShoppingList.swift; sourceTree = "<group>"; };
		6B942FB62B7B337B0053A91B /* ShoppingItem.swift */ = {isa = PBXFileReference; lastKnownFileType = sourcecode.swift; path = ShoppingItem.swift; sourceTree = "<group>"; };
		6B942FB92B7B700A0053A91B /* Migrator.swift */ = {isa = PBXFileReference; lastKnownFileType = sourcecode.swift; path = Migrator.swift; sourceTree = "<group>"; };
		6B942FBB2B7B71BF0053A91B /* ShoppingListItemsScreen.swift */ = {isa = PBXFileReference; lastKnownFileType = sourcecode.swift; path = ShoppingListItemsScreen.swift; sourceTree = "<group>"; };
		6B942FBD2B7B72A60053A91B /* AddShoppingListItemScreen.swift */ = {isa = PBXFileReference; lastKnownFileType = sourcecode.swift; path = AddShoppingListItemScreen.swift; sourceTree = "<group>"; };
/* End PBXFileReference section */

/* Begin PBXFrameworksBuildPhase section */
		6B942F952B7B2A170053A91B /* Frameworks */ = {
			isa = PBXFrameworksBuildPhase;
			buildActionMask = 2147483647;
			files = (
				6B942FAD2B7B2AF60053A91B /* RealmSwift in Frameworks */,
				6B942FAB2B7B2AF60053A91B /* Realm in Frameworks */,
			);
			runOnlyForDeploymentPostprocessing = 0;
		};
/* End PBXFrameworksBuildPhase section */

/* Begin PBXGroup section */
		6B942F8F2B7B2A170053A91B = {
			isa = PBXGroup;
			children = (
				6B942F9A2B7B2A170053A91B /* Muumi */,
				6B942F992B7B2A170053A91B /* Products */,
			);
			sourceTree = "<group>";
		};
		6B942F992B7B2A170053A91B /* Products */ = {
			isa = PBXGroup;
			children = (
				6B942F982B7B2A170053A91B /* Muumi.app */,
			);
			name = Products;
			sourceTree = "<group>";
		};
		6B942F9A2B7B2A170053A91B /* Muumi */ = {
			isa = PBXGroup;
			children = (
				6B942FB82B7B6FF90053A91B /* Utilities */,
				6B942FB32B7B303C0053A91B /* Models */,
				6B942FAE2B7B2F1B0053A91B /* Screens */,
				6B942F9B2B7B2A170053A91B /* MuumiApp.swift */,
				6B942F9D2B7B2A170053A91B /* ContentView.swift */,
				6B942F9F2B7B2A180053A91B /* Assets.xcassets */,
				6B942FA12B7B2A180053A91B /* Preview Content */,
			);
			path = Muumi;
			sourceTree = "<group>";
		};
		6B942FA12B7B2A180053A91B /* Preview Content */ = {
			isa = PBXGroup;
			children = (
				6B942FA22B7B2A180053A91B /* Preview Assets.xcassets */,
			);
			path = "Preview Content";
			sourceTree = "<group>";
		};
		6B942FAE2B7B2F1B0053A91B /* Screens */ = {
			isa = PBXGroup;
			children = (
				6B942FB12B7B2F470053A91B /* AddShoppingListScreen.swift */,
				6B942FBB2B7B71BF0053A91B /* ShoppingListItemsScreen.swift */,
				6B942FBD2B7B72A60053A91B /* AddShoppingListItemScreen.swift */,
			);
			path = Screens;
			sourceTree = "<group>";
		};
		6B942FB32B7B303C0053A91B /* Models */ = {
			isa = PBXGroup;
			children = (
				6B942FB42B7B304C0053A91B /* ShoppingList.swift */,
				6B942FB62B7B337B0053A91B /* ShoppingItem.swift */,
			);
			path = Models;
			sourceTree = "<group>";
		};
		6B942FB82B7B6FF90053A91B /* Utilities */ = {
			isa = PBXGroup;
			children = (
				6B942FB92B7B700A0053A91B /* Migrator.swift */,
			);
			path = Utilities;
			sourceTree = "<group>";
		};
/* End PBXGroup section */

/* Begin PBXNativeTarget section */
		6B942F972B7B2A170053A91B /* Muumi */ = {
			isa = PBXNativeTarget;
			buildConfigurationList = 6B942FA62B7B2A180053A91B /* Build configuration list for PBXNativeTarget "Muumi" */;
			buildPhases = (
				6B942F942B7B2A170053A91B /* Sources */,
				6B942F952B7B2A170053A91B /* Frameworks */,
				6B942F962B7B2A170053A91B /* Resources */,
			);
			buildRules = (
			);
			dependencies = (
			);
			name = Muumi;
			packageProductDependencies = (
				6B942FAA2B7B2AF60053A91B /* Realm */,
				6B942FAC2B7B2AF60053A91B /* RealmSwift */,
			);
			productName = Muumi;
			productReference = 6B942F982B7B2A170053A91B /* Muumi.app */;
			productType = "com.apple.product-type.application";
		};
/* End PBXNativeTarget section */

/* Begin PBXProject section */
		6B942F902B7B2A170053A91B /* Project object */ = {
			isa = PBXProject;
			attributes = {
				BuildIndependentTargetsInParallel = 1;
				LastSwiftUpdateCheck = 1520;
				LastUpgradeCheck = 1520;
				TargetAttributes = {
					6B942F972B7B2A170053A91B = {
						CreatedOnToolsVersion = 15.2;
					};
				};
			};
			buildConfigurationList = 6B942F932B7B2A170053A91B /* Build configuration list for PBXProject "Muumi" */;
			compatibilityVersion = "Xcode 14.0";
			developmentRegion = en;
			hasScannedForEncodings = 0;
			knownRegions = (
				en,
				Base,
			);
			mainGroup = 6B942F8F2B7B2A170053A91B;
			packageReferences = (
				6B942FA92B7B2AF60053A91B /* XCRemoteSwiftPackageReference "realm-cocoa" */,
			);
			productRefGroup = 6B942F992B7B2A170053A91B /* Products */;
			projectDirPath = "";
			projectRoot = "";
			targets = (
				6B942F972B7B2A170053A91B /* Muumi */,
			);
		};
/* End PBXProject section */

/* Begin PBXResourcesBuildPhase section */
		6B942F962B7B2A170053A91B /* Resources */ = {
			isa = PBXResourcesBuildPhase;
			buildActionMask = 2147483647;
			files = (
				6B942FA32B7B2A180053A91B /* Preview Assets.xcassets in Resources */,
				6B942FA02B7B2A180053A91B /* Assets.xcassets in Resources */,
			);
			runOnlyForDeploymentPostprocessing = 0;
		};
/* End PBXResourcesBuildPhase section */

/* Begin PBXSourcesBuildPhase section */
		6B942F942B7B2A170053A91B /* Sources */ = {
			isa = PBXSourcesBuildPhase;
			buildActionMask = 2147483647;
			files = (
				6B942F9E2B7B2A170053A91B /* ContentView.swift in Sources */,
				6B942FBC2B7B71BF0053A91B /* ShoppingListItemsScreen.swift in Sources */,
				6B942FB52B7B304C0053A91B /* ShoppingList.swift in Sources */,
				6B942FBA2B7B700A0053A91B /* Migrator.swift in Sources */,
				6B942F9C2B7B2A170053A91B /* MuumiApp.swift in Sources */,
				6B942FB72B7B337B0053A91B /* ShoppingItem.swift in Sources */,
				6B942FBE2B7B72A60053A91B /* AddShoppingListItemScreen.swift in Sources */,
				6B942FB22B7B2F470053A91B /* AddShoppingListScreen.swift in Sources */,
			);
			runOnlyForDeploymentPostprocessing = 0;
		};
/* End PBXSourcesBuildPhase section */

/* Begin XCBuildConfiguration section */
		6B942FA42B7B2A180053A91B /* Debug */ = {
			isa = XCBuildConfiguration;
			buildSettings = {
				ALWAYS_SEARCH_USER_PATHS = NO;
				ASSETCATALOG_COMPILER_GENERATE_SWIFT_ASSET_SYMBOL_EXTENSIONS = YES;
				CLANG_ANALYZER_NONNULL = YES;
				CLANG_ANALYZER_NUMBER_OBJECT_CONVERSION = YES_AGGRESSIVE;
				CLANG_CXX_LANGUAGE_STANDARD = "gnu++20";
				CLANG_ENABLE_MODULES = YES;
				CLANG_ENABLE_OBJC_ARC = YES;
				CLANG_ENABLE_OBJC_WEAK = YES;
				CLANG_WARN_BLOCK_CAPTURE_AUTORELEASING = YES;
				CLANG_WARN_BOOL_CONVERSION = YES;
				CLANG_WARN_COMMA = YES;
				CLANG_WARN_CONSTANT_CONVERSION = YES;
				CLANG_WARN_DEPRECATED_OBJC_IMPLEMENTATIONS = YES;
				CLANG_WARN_DIRECT_OBJC_ISA_USAGE = YES_ERROR;
				CLANG_WARN_DOCUMENTATION_COMMENTS = YES;
				CLANG_WARN_EMPTY_BODY = YES;
				CLANG_WARN_ENUM_CONVERSION = YES;
				CLANG_WARN_INFINITE_RECURSION = YES;
				CLANG_WARN_INT_CONVERSION = YES;
				CLANG_WARN_NON_LITERAL_NULL_CONVERSION = YES;
				CLANG_WARN_OBJC_IMPLICIT_RETAIN_SELF = YES;
				CLANG_WARN_OBJC_LITERAL_CONVERSION = YES;
				CLANG_WARN_OBJC_ROOT_CLASS = YES_ERROR;
				CLANG_WARN_QUOTED_INCLUDE_IN_FRAMEWORK_HEADER = YES;
				CLANG_WARN_RANGE_LOOP_ANALYSIS = YES;
				CLANG_WARN_STRICT_PROTOTYPES = YES;
				CLANG_WARN_SUSPICIOUS_MOVE = YES;
				CLANG_WARN_UNGUARDED_AVAILABILITY = YES_AGGRESSIVE;
				CLANG_WARN_UNREACHABLE_CODE = YES;
				CLANG_WARN__DUPLICATE_METHOD_MATCH = YES;
				COPY_PHASE_STRIP = NO;
				DEBUG_INFORMATION_FORMAT = dwarf;
				ENABLE_STRICT_OBJC_MSGSEND = YES;
				ENABLE_TESTABILITY = YES;
				ENABLE_USER_SCRIPT_SANDBOXING = YES;
				GCC_C_LANGUAGE_STANDARD = gnu17;
				GCC_DYNAMIC_NO_PIC = NO;
				GCC_NO_COMMON_BLOCKS = YES;
				GCC_OPTIMIZATION_LEVEL = 0;
				GCC_PREPROCESSOR_DEFINITIONS = (
					"DEBUG=1",
					"$(inherited)",
				);
				GCC_WARN_64_TO_32_BIT_CONVERSION = YES;
				GCC_WARN_ABOUT_RETURN_TYPE = YES_ERROR;
				GCC_WARN_UNDECLARED_SELECTOR = YES;
				GCC_WARN_UNINITIALIZED_AUTOS = YES_AGGRESSIVE;
				GCC_WARN_UNUSED_FUNCTION = YES;
				GCC_WARN_UNUSED_VARIABLE = YES;
				IPHONEOS_DEPLOYMENT_TARGET = 17.2;
				LOCALIZATION_PREFERS_STRING_CATALOGS = YES;
				MTL_ENABLE_DEBUG_INFO = INCLUDE_SOURCE;
				MTL_FAST_MATH = YES;
				ONLY_ACTIVE_ARCH = YES;
				SDKROOT = iphoneos;
				SWIFT_ACTIVE_COMPILATION_CONDITIONS = "DEBUG $(inherited)";
				SWIFT_OPTIMIZATION_LEVEL = "-Onone";
			};
			name = Debug;
		};
		6B942FA52B7B2A180053A91B /* Release */ = {
			isa = XCBuildConfiguration;
			buildSettings = {
				ALWAYS_SEARCH_USER_PATHS = NO;
				ASSETCATALOG_COMPILER_GENERATE_SWIFT_ASSET_SYMBOL_EXTENSIONS = YES;
				CLANG_ANALYZER_NONNULL = YES;
				CLANG_ANALYZER_NUMBER_OBJECT_CONVERSION = YES_AGGRESSIVE;
				CLANG_CXX_LANGUAGE_STANDARD = "gnu++20";
				CLANG_ENABLE_MODULES = YES;
				CLANG_ENABLE_OBJC_ARC = YES;
				CLANG_ENABLE_OBJC_WEAK = YES;
				CLANG_WARN_BLOCK_CAPTURE_AUTORELEASING = YES;
				CLANG_WARN_BOOL_CONVERSION = YES;
				CLANG_WARN_COMMA = YES;
				CLANG_WARN_CONSTANT_CONVERSION = YES;
				CLANG_WARN_DEPRECATED_OBJC_IMPLEMENTATIONS = YES;
				CLANG_WARN_DIRECT_OBJC_ISA_USAGE = YES_ERROR;
				CLANG_WARN_DOCUMENTATION_COMMENTS = YES;
				CLANG_WARN_EMPTY_BODY = YES;
				CLANG_WARN_ENUM_CONVERSION = YES;
				CLANG_WARN_INFINITE_RECURSION = YES;
				CLANG_WARN_INT_CONVERSION = YES;
				CLANG_WARN_NON_LITERAL_NULL_CONVERSION = YES;
				CLANG_WARN_OBJC_IMPLICIT_RETAIN_SELF = YES;
				CLANG_WARN_OBJC_LITERAL_CONVERSION = YES;
				CLANG_WARN_OBJC_ROOT_CLASS = YES_ERROR;
				CLANG_WARN_QUOTED_INCLUDE_IN_FRAMEWORK_HEADER = YES;
				CLANG_WARN_RANGE_LOOP_ANALYSIS = YES;
				CLANG_WARN_STRICT_PROTOTYPES = YES;
				CLANG_WARN_SUSPICIOUS_MOVE = YES;
				CLANG_WARN_UNGUARDED_AVAILABILITY = YES_AGGRESSIVE;
				CLANG_WARN_UNREACHABLE_CODE = YES;
				CLANG_WARN__DUPLICATE_METHOD_MATCH = YES;
				COPY_PHASE_STRIP = NO;
				DEBUG_INFORMATION_FORMAT = "dwarf-with-dsym";
				ENABLE_NS_ASSERTIONS = NO;
				ENABLE_STRICT_OBJC_MSGSEND = YES;
				ENABLE_USER_SCRIPT_SANDBOXING = YES;
				GCC_C_LANGUAGE_STANDARD = gnu17;
				GCC_NO_COMMON_BLOCKS = YES;
				GCC_WARN_64_TO_32_BIT_CONVERSION = YES;
				GCC_WARN_ABOUT_RETURN_TYPE = YES_ERROR;
				GCC_WARN_UNDECLARED_SELECTOR = YES;
				GCC_WARN_UNINITIALIZED_AUTOS = YES_AGGRESSIVE;
				GCC_WARN_UNUSED_FUNCTION = YES;
				GCC_WARN_UNUSED_VARIABLE = YES;
				IPHONEOS_DEPLOYMENT_TARGET = 17.2;
				LOCALIZATION_PREFERS_STRING_CATALOGS = YES;
				MTL_ENABLE_DEBUG_INFO = NO;
				MTL_FAST_MATH = YES;
				SDKROOT = iphoneos;
				SWIFT_COMPILATION_MODE = wholemodule;
				VALIDATE_PRODUCT = YES;
			};
			name = Release;
		};
		6B942FA72B7B2A180053A91B /* Debug */ = {
			isa = XCBuildConfiguration;
			buildSettings = {
				ASSETCATALOG_COMPILER_APPICON_NAME = AppIcon;
				ASSETCATALOG_COMPILER_GLOBAL_ACCENT_COLOR_NAME = AccentColor;
				CODE_SIGN_STYLE = Automatic;
				CURRENT_PROJECT_VERSION = 1;
				DEVELOPMENT_ASSET_PATHS = "\"Muumi/Preview Content\"";
				DEVELOPMENT_TEAM = 4R2RBN6HY6;
				ENABLE_PREVIEWS = YES;
				GENERATE_INFOPLIST_FILE = YES;
				INFOPLIST_KEY_UIApplicationSceneManifest_Generation = YES;
				INFOPLIST_KEY_UIApplicationSupportsIndirectInputEvents = YES;
				INFOPLIST_KEY_UILaunchScreen_Generation = YES;
				INFOPLIST_KEY_UISupportedInterfaceOrientations_iPad = "UIInterfaceOrientationPortrait UIInterfaceOrientationPortraitUpsideDown UIInterfaceOrientationLandscapeLeft UIInterfaceOrientationLandscapeRight";
				INFOPLIST_KEY_UISupportedInterfaceOrientations_iPhone = "UIInterfaceOrientationPortrait UIInterfaceOrientationLandscapeLeft UIInterfaceOrientationLandscapeRight";
				LD_RUNPATH_SEARCH_PATHS = (
					"$(inherited)",
					"@executable_path/Frameworks",
				);
				MARKETING_VERSION = 1.0;
				PRODUCT_BUNDLE_IDENTIFIER = eth.hypebeans.Muumi;
				PRODUCT_NAME = "$(TARGET_NAME)";
				SWIFT_EMIT_LOC_STRINGS = YES;
				SWIFT_VERSION = 5.0;
				TARGETED_DEVICE_FAMILY = "1,2";
			};
			name = Debug;
		};
		6B942FA82B7B2A180053A91B /* Release */ = {
			isa = XCBuildConfiguration;
			buildSettings = {
				ASSETCATALOG_COMPILER_APPICON_NAME = AppIcon;
				ASSETCATALOG_COMPILER_GLOBAL_ACCENT_COLOR_NAME = AccentColor;
				CODE_SIGN_STYLE = Automatic;
				CURRENT_PROJECT_VERSION = 1;
				DEVELOPMENT_ASSET_PATHS = "\"Muumi/Preview Content\"";
				DEVELOPMENT_TEAM = 4R2RBN6HY6;
				ENABLE_PREVIEWS = YES;
				GENERATE_INFOPLIST_FILE = YES;
				INFOPLIST_KEY_UIApplicationSceneManifest_Generation = YES;
				INFOPLIST_KEY_UIApplicationSupportsIndirectInputEvents = YES;
				INFOPLIST_KEY_UILaunchScreen_Generation = YES;
				INFOPLIST_KEY_UISupportedInterfaceOrientations_iPad = "UIInterfaceOrientationPortrait UIInterfaceOrientationPortraitUpsideDown UIInterfaceOrientationLandscapeLeft UIInterfaceOrientationLandscapeRight";
				INFOPLIST_KEY_UISupportedInterfaceOrientations_iPhone = "UIInterfaceOrientationPortrait UIInterfaceOrientationLandscapeLeft UIInterfaceOrientationLandscapeRight";
				LD_RUNPATH_SEARCH_PATHS = (
					"$(inherited)",
					"@executable_path/Frameworks",
				);
				MARKETING_VERSION = 1.0;
				PRODUCT_BUNDLE_IDENTIFIER = eth.hypebeans.Muumi;
				PRODUCT_NAME = "$(TARGET_NAME)";
				SWIFT_EMIT_LOC_STRINGS = YES;
				SWIFT_VERSION = 5.0;
				TARGETED_DEVICE_FAMILY = "1,2";
			};
			name = Release;
		};
/* End XCBuildConfiguration section */

/* Begin XCConfigurationList section */
		6B942F932B7B2A170053A91B /* Build configuration list for PBXProject "Muumi" */ = {
			isa = XCConfigurationList;
			buildConfigurations = (
				6B942FA42B7B2A180053A91B /* Debug */,
				6B942FA52B7B2A180053A91B /* Release */,
			);
			defaultConfigurationIsVisible = 0;
			defaultConfigurationName = Release;
		};
		6B942FA62B7B2A180053A91B /* Build configuration list for PBXNativeTarget "Muumi" */ = {
			isa = XCConfigurationList;
			buildConfigurations = (
				6B942FA72B7B2A180053A91B /* Debug */,
				6B942FA82B7B2A180053A91B /* Release */,
			);
			defaultConfigurationIsVisible = 0;
			defaultConfigurationName = Release;
		};
/* End XCConfigurationList section */

/* Begin XCRemoteSwiftPackageReference section */
		6B942FA92B7B2AF60053A91B /* XCRemoteSwiftPackageReference "realm-cocoa" */ = {
			isa = XCRemoteSwiftPackageReference;
			repositoryURL = "https://github.com/realm/realm-cocoa.git";
			requirement = {
				branch = master;
				kind = branch;
			};
		};
/* End XCRemoteSwiftPackageReference section */

/* Begin XCSwiftPackageProductDependency section */
		6B942FAA2B7B2AF60053A91B /* Realm */ = {
			isa = XCSwiftPackageProductDependency;
			package = 6B942FA92B7B2AF60053A91B /* XCRemoteSwiftPackageReference "realm-cocoa" */;
			productName = Realm;
		};
		6B942FAC2B7B2AF60053A91B /* RealmSwift */ = {
			isa = XCSwiftPackageProductDependency;
			package = 6B942FA92B7B2AF60053A91B /* XCRemoteSwiftPackageReference "realm-cocoa" */;
			productName = RealmSwift;
		};
/* End XCSwiftPackageProductDependency section */
	};
	rootObject = 6B942F902B7B2A170053A91B /* Project object */;
}
